
Microsoft Visual Studio Solution File, Format Version 11.00
# Visual Studio 2010
Project("{FAE04EC0-301F-11D3-BF4B-00C04F79EFBC}") = "Assembly-CSharp", "Assembly-CSharp.csproj", "{79cc1555-3563-6a7b-ee88-c44e951f0922}"
EndProject
Project("{FAE04EC0-301F-11D3-BF4B-00C04F79EFBC}") = "Assembly-CSharp-Editor", "Assembly-CSharp-Editor.csproj", "{55d49dc5-f698-b430-acd6-2d14035bc4d8}"
EndProject
Global
	GlobalSection(SolutionConfigurationPlatforms) = preSolution
		Debug|Any CPU = Debug|Any CPU
	EndGlobalSection
	GlobalSection(ProjectConfigurationPlatforms) = postSolution
		{79cc1555-3563-6a7b-ee88-c44e951f0922}.Debug|Any CPU.ActiveCfg = Debug|Any CPU
		{79cc1555-3563-6a7b-ee88-c44e951f0922}.Debug|Any CPU.Build.0 = Debug|Any CPU
		{55d49dc5-f698-b430-acd6-2d14035bc4d8}.Debug|Any CPU.ActiveCfg = Debug|Any CPU
		{55d49dc5-f698-b430-acd6-2d14035bc4d8}.Debug|Any CPU.Build.0 = Debug|Any CPU
	EndGlobalSection
	GlobalSection(SolutionProperties) = preSolution
		HideSolutionNode = FALSE
	EndGlobalSection
EndGlobal
